
Microsoft Visual Studio Solution File, Format Version 12.00
Project("{FAE04EC0-301F-11D3-BF4B-00C04F79EFBC}") = "DayOne", "DayOne\DayOne.csproj", "{A8A41561-AA65-4238-9D73-648C954EFB0C}"
EndProject
Project("{FAE04EC0-301F-11D3-BF4B-00C04F79EFBC}") = "DayTwo", "DayTwo\DayTwo.csproj", "{04533869-0689-43F3-B879-8E23B7B6D17E}"
EndProject
Project("{FAE04EC0-301F-11D3-BF4B-00C04F79EFBC}") = "FileLoader", "FileLoader\FileLoader.csproj", "{835DB221-3E19-4AE9-95C4-0E999F288F94}"
EndProject
Project("{FAE04EC0-301F-11D3-BF4B-00C04F79EFBC}") = "DayThree", "DayThree\DayThree.csproj", "{5B66E8BB-D2E3-4252-A3BB-C29C79169767}"
EndProject
Global
	GlobalSection(SolutionConfigurationPlatforms) = preSolution
		Debug|Any CPU = Debug|Any CPU
		Release|Any CPU = Release|Any CPU
	EndGlobalSection
	GlobalSection(ProjectConfigurationPlatforms) = postSolution
		{A8A41561-AA65-4238-9D73-648C954EFB0C}.Debug|Any CPU.ActiveCfg = Debug|Any CPU
		{A8A41561-AA65-4238-9D73-648C954EFB0C}.Debug|Any CPU.Build.0 = Debug|Any CPU
		{A8A41561-AA65-4238-9D73-648C954EFB0C}.Release|Any CPU.ActiveCfg = Release|Any CPU
		{A8A41561-AA65-4238-9D73-648C954EFB0C}.Release|Any CPU.Build.0 = Release|Any CPU
		{04533869-0689-43F3-B879-8E23B7B6D17E}.Debug|Any CPU.ActiveCfg = Debug|Any CPU
		{04533869-0689-43F3-B879-8E23B7B6D17E}.Debug|Any CPU.Build.0 = Debug|Any CPU
		{04533869-0689-43F3-B879-8E23B7B6D17E}.Release|Any CPU.ActiveCfg = Release|Any CPU
		{04533869-0689-43F3-B879-8E23B7B6D17E}.Release|Any CPU.Build.0 = Release|Any CPU
		{835DB221-3E19-4AE9-95C4-0E999F288F94}.Debug|Any CPU.ActiveCfg = Debug|Any CPU
		{835DB221-3E19-4AE9-95C4-0E999F288F94}.Debug|Any CPU.Build.0 = Debug|Any CPU
		{835DB221-3E19-4AE9-95C4-0E999F288F94}.Release|Any CPU.ActiveCfg = Release|Any CPU
		{835DB221-3E19-4AE9-95C4-0E999F288F94}.Release|Any CPU.Build.0 = Release|Any CPU
		{5B66E8BB-D2E3-4252-A3BB-C29C79169767}.Debug|Any CPU.ActiveCfg = Debug|Any CPU
		{5B66E8BB-D2E3-4252-A3BB-C29C79169767}.Debug|Any CPU.Build.0 = Debug|Any CPU
		{5B66E8BB-D2E3-4252-A3BB-C29C79169767}.Release|Any CPU.ActiveCfg = Release|Any CPU
		{5B66E8BB-D2E3-4252-A3BB-C29C79169767}.Release|Any CPU.Build.0 = Release|Any CPU
	EndGlobalSection
EndGlobal
